
Microsoft Visual Studio Solution File, Format Version 12.00
# Visual Studio Version 17
VisualStudioVersion = 17.8.34330.188
MinimumVisualStudioVersion = 10.0.40219.1
Project("{FAE04EC0-301F-11D3-BF4B-00C04F79EFBC}") = "ChallengeApp", "ChallengeApp\ChallengeApp.csproj", "{05F000D7-B36C-4E9E-A04D-6BAA531F9228}"
EndProject
Global
	GlobalSection(SolutionConfigurationPlatforms) = preSolution
		Debug|Any CPU = Debug|Any CPU
		Release|Any CPU = Release|Any CPU
	EndGlobalSection
	GlobalSection(ProjectConfigurationPlatforms) = postSolution
		{05F000D7-B36C-4E9E-A04D-6BAA531F9228}.Debug|Any CPU.ActiveCfg = Debug|Any CPU
		{05F000D7-B36C-4E9E-A04D-6BAA531F9228}.Debug|Any CPU.Build.0 = Debug|Any CPU
		{05F000D7-B36C-4E9E-A04D-6BAA531F9228}.Release|Any CPU.ActiveCfg = Release|Any CPU
		{05F000D7-B36C-4E9E-A04D-6BAA531F9228}.Release|Any CPU.Build.0 = Release|Any CPU
	EndGlobalSection
	GlobalSection(SolutionProperties) = preSolution
		HideSolutionNode = FALSE
	EndGlobalSection
	GlobalSection(ExtensibilityGlobals) = postSolution
		SolutionGuid = {67C1CFCF-2AB9-4E8C-B823-9F5B09F84F57}
	EndGlobalSection
EndGlobal
